
Microsoft Visual Studio Solution File, Format Version 12.00
# Visual Studio 15
VisualStudioVersion = 15.0.27130.2010
MinimumVisualStudioVersion = 10.0.40219.1
Project("{FAE04EC0-301F-11D3-BF4B-00C04F79EFBC}") = "Trivia", "Trivia\Trivia.csproj", "{DCA06CD0-F54F-4EA9-A7E0-5C21961A3F03}"
EndProject
Project("{FAE04EC0-301F-11D3-BF4B-00C04F79EFBC}") = "Trivia.Core", "Trivia.Core\Trivia.Core.csproj", "{E0191A63-82A3-4216-8FB5-22CC07BAECF5}"
EndProject
Project("{FAE04EC0-301F-11D3-BF4B-00C04F79EFBC}") = "Trivia.Program", "Trivia.Program\Trivia.Program.csproj", "{72540EA8-5A8D-48A9-BD0A-DB77B6A6E340}"
EndProject
Project("{FAE04EC0-301F-11D3-BF4B-00C04F79EFBC}") = "Trivia.UI", "Trivia.UI\Trivia.UI.csproj", "{A8D6F766-6E38-4F3F-9146-DD4D07704911}"
EndProject
Global
	GlobalSection(SolutionConfigurationPlatforms) = preSolution
		Debug|Any CPU = Debug|Any CPU
		Release|Any CPU = Release|Any CPU
	EndGlobalSection
	GlobalSection(ProjectConfigurationPlatforms) = postSolution
		{DCA06CD0-F54F-4EA9-A7E0-5C21961A3F03}.Debug|Any CPU.ActiveCfg = Debug|Any CPU
		{DCA06CD0-F54F-4EA9-A7E0-5C21961A3F03}.Debug|Any CPU.Build.0 = Debug|Any CPU
		{DCA06CD0-F54F-4EA9-A7E0-5C21961A3F03}.Release|Any CPU.ActiveCfg = Release|Any CPU
		{DCA06CD0-F54F-4EA9-A7E0-5C21961A3F03}.Release|Any CPU.Build.0 = Release|Any CPU
		{E0191A63-82A3-4216-8FB5-22CC07BAECF5}.Debug|Any CPU.ActiveCfg = Debug|Any CPU
		{E0191A63-82A3-4216-8FB5-22CC07BAECF5}.Debug|Any CPU.Build.0 = Debug|Any CPU
		{E0191A63-82A3-4216-8FB5-22CC07BAECF5}.Release|Any CPU.ActiveCfg = Release|Any CPU
		{E0191A63-82A3-4216-8FB5-22CC07BAECF5}.Release|Any CPU.Build.0 = Release|Any CPU
		{72540EA8-5A8D-48A9-BD0A-DB77B6A6E340}.Debug|Any CPU.ActiveCfg = Debug|Any CPU
		{72540EA8-5A8D-48A9-BD0A-DB77B6A6E340}.Debug|Any CPU.Build.0 = Debug|Any CPU
		{72540EA8-5A8D-48A9-BD0A-DB77B6A6E340}.Release|Any CPU.ActiveCfg = Release|Any CPU
		{72540EA8-5A8D-48A9-BD0A-DB77B6A6E340}.Release|Any CPU.Build.0 = Release|Any CPU
		{A8D6F766-6E38-4F3F-9146-DD4D07704911}.Debug|Any CPU.ActiveCfg = Debug|Any CPU
		{A8D6F766-6E38-4F3F-9146-DD4D07704911}.Debug|Any CPU.Build.0 = Debug|Any CPU
		{A8D6F766-6E38-4F3F-9146-DD4D07704911}.Release|Any CPU.ActiveCfg = Release|Any CPU
		{A8D6F766-6E38-4F3F-9146-DD4D07704911}.Release|Any CPU.Build.0 = Release|Any CPU
	EndGlobalSection
	GlobalSection(SolutionProperties) = preSolution
		HideSolutionNode = FALSE
	EndGlobalSection
	GlobalSection(ExtensibilityGlobals) = postSolution
		SolutionGuid = {044B9DE3-563C-48BB-AEF7-1BA745193DB0}
	EndGlobalSection
EndGlobal
